// !$*UTF8*$!
{
	archiveVersion = 1;
	classes = {
	};
	objectVersion = 50;
	objects = {

/* Begin PBXBuildFile section */
		051C38E3228D4EFB003D4BAF /* AppDelegate.m in Sources */ = {isa = PBXBuildFile; fileRef = 051C38E2228D4EFB003D4BAF /* AppDelegate.m */; };
		051C38E6228D4EFB003D4BAF /* ViewController.m in Sources */ = {isa = PBXBuildFile; fileRef = 051C38E5228D4EFB003D4BAF /* ViewController.m */; };
		051C38E9228D4EFB003D4BAF /* Main.storyboard in Resources */ = {isa = PBXBuildFile; fileRef = 051C38E7228D4EFB003D4BAF /* Main.storyboard */; };
		051C38EB228D4EFC003D4BAF /* Assets.xcassets in Resources */ = {isa = PBXBuildFile; fileRef = 051C38EA228D4EFC003D4BAF /* Assets.xcassets */; };
		051C38EE228D4EFC003D4BAF /* LaunchScreen.storyboard in Resources */ = {isa = PBXBuildFile; fileRef = 051C38EC228D4EFC003D4BAF /* LaunchScreen.storyboard */; };
		051C38F1228D4EFC003D4BAF /* main.m in Sources */ = {isa = PBXBuildFile; fileRef = 051C38F0228D4EFC003D4BAF /* main.m */; };
		051C38FB228D4EFC003D4BAF /* UIRouterDemoTests.m in Sources */ = {isa = PBXBuildFile; fileRef = 051C38FA228D4EFC003D4BAF /* UIRouterDemoTests.m */; };
		051C3906228D4EFC003D4BAF /* UIRouterDemoUITests.m in Sources */ = {isa = PBXBuildFile; fileRef = 051C3905228D4EFC003D4BAF /* UIRouterDemoUITests.m */; };
		051C3917228D4F17003D4BAF /* UBTModel.m in Sources */ = {isa = PBXBuildFile; fileRef = 051C3915228D4F17003D4BAF /* UBTModel.m */; };
		051C391C228D4F4D003D4BAF /* SecondViewController.m in Sources */ = {isa = PBXBuildFile; fileRef = 051C3918228D4F4D003D4BAF /* SecondViewController.m */; };
		051C391D228D4F4D003D4BAF /* FirstViewController.m in Sources */ = {isa = PBXBuildFile; fileRef = 051C391A228D4F4D003D4BAF /* FirstViewController.m */; };
		051C391F228D4F52003D4BAF /* UBTRouterManagerVCConfigure.plist in Resources */ = {isa = PBXBuildFile; fileRef = 051C391E228D4F52003D4BAF /* UBTRouterManagerVCConfigure.plist */; };
		051C395822968610003D4BAF /* UBTVCRouter.framework in Frameworks */ = {isa = PBXBuildFile; fileRef = 051C395722968610003D4BAF /* UBTVCRouter.framework */; };
/* End PBXBuildFile section */

/* Begin PBXContainerItemProxy section */
		051C38F7228D4EFC003D4BAF /* PBXContainerItemProxy */ = {
			isa = PBXContainerItemProxy;
			containerPortal = 051C38D6228D4EFB003D4BAF /* Project object */;
			proxyType = 1;
			remoteGlobalIDString = 051C38DD228D4EFB003D4BAF;
			remoteInfo = UIRouterDemo;
		};
		051C3902228D4EFC003D4BAF /* PBXContainerItemProxy */ = {
			isa = PBXContainerItemProxy;
			containerPortal = 051C38D6228D4EFB003D4BAF /* Project object */;
			proxyType = 1;
			remoteGlobalIDString = 051C38DD228D4EFB003D4BAF;
			remoteInfo = UIRouterDemo;
		};
/* End PBXContainerItemProxy section */

/* Begin PBXFileReference section */
		051C38DE228D4EFB003D4BAF /* UIRouterDemo.app */ = {isa = PBXFileReference; explicitFileType = wrapper.application; includeInIndex = 0; path = UIRouterDemo.app; sourceTree = BUILT_PRODUCTS_DIR; };
		051C38E1228D4EFB003D4BAF /* AppDelegate.h */ = {isa = PBXFileReference; lastKnownFileType = sourcecode.c.h; path = AppDelegate.h; sourceTree = "<group>"; };
		051C38E2228D4EFB003D4BAF /* AppDelegate.m */ = {isa = PBXFileReference; lastKnownFileType = sourcecode.c.objc; path = AppDelegate.m; sourceTree = "<group>"; };
		051C38E4228D4EFB003D4BAF /* ViewController.h */ = {isa = PBXFileReference; lastKnownFileType = sourcecode.c.h; path = ViewController.h; sourceTree = "<group>"; };
		051C38E5228D4EFB003D4BAF /* ViewController.m */ = {isa = PBXFileReference; lastKnownFileType = sourcecode.c.objc; path = ViewController.m; sourceTree = "<group>"; };
		051C38E8228D4EFB003D4BAF /* Base */ = {isa = PBXFileReference; lastKnownFileType = file.storyboard; name = Base; path = Base.lproj/Main.storyboard; sourceTree = "<group>"; };
		051C38EA228D4EFC003D4BAF /* Assets.xcassets */ = {isa = PBXFileReference; lastKnownFileType = folder.assetcatalog; path = Assets.xcassets; sourceTree = "<group>"; };
		051C38ED228D4EFC003D4BAF /* Base */ = {isa = PBXFileReference; lastKnownFileType = file.storyboard; name = Base; path = Base.lproj/LaunchScreen.storyboard; sourceTree = "<group>"; };
		051C38EF228D4EFC003D4BAF /* Info.plist */ = {isa = PBXFileReference; lastKnownFileType = text.plist.xml; path = Info.plist; sourceTree = "<group>"; };
		051C38F0228D4EFC003D4BAF /* main.m */ = {isa = PBXFileReference; lastKnownFileType = sourcecode.c.objc; path = main.m; sourceTree = "<group>"; };
		051C38F6228D4EFC003D4BAF /* UIRouterDemoTests.xctest */ = {isa = PBXFileReference; explicitFileType = wrapper.cfbundle; includeInIndex = 0; path = UIRouterDemoTests.xctest; sourceTree = BUILT_PRODUCTS_DIR; };
		051C38FA228D4EFC003D4BAF /* UIRouterDemoTests.m */ = {isa = PBXFileReference; lastKnownFileType = sourcecode.c.objc; path = UIRouterDemoTests.m; sourceTree = "<group>"; };
		051C38FC228D4EFC003D4BAF /* Info.plist */ = {isa = PBXFileReference; lastKnownFileType = text.plist.xml; path = Info.plist; sourceTree = "<group>"; };
		051C3901228D4EFC003D4BAF /* UIRouterDemoUITests.xctest */ = {isa = PBXFileReference; explicitFileType = wrapper.cfbundle; includeInIndex = 0; path = UIRouterDemoUITests.xctest; sourceTree = BUILT_PRODUCTS_DIR; };
		051C3905228D4EFC003D4BAF /* UIRouterDemoUITests.m */ = {isa = PBXFileReference; lastKnownFileType = sourcecode.c.objc; path = UIRouterDemoUITests.m; sourceTree = "<group>"; };
		051C3907228D4EFC003D4BAF /* Info.plist */ = {isa = PBXFileReference; lastKnownFileType = text.plist.xml; path = Info.plist; sourceTree = "<group>"; };
		051C3915228D4F17003D4BAF /* UBTModel.m */ = {isa = PBXFileReference; fileEncoding = 4; lastKnownFileType = sourcecode.c.objc; path = UBTModel.m; sourceTree = "<group>"; };
		051C3916228D4F17003D4BAF /* UBTModel.h */ = {isa = PBXFileReference; fileEncoding = 4; lastKnownFileType = sourcecode.c.h; path = UBTModel.h; sourceTree = "<group>"; };
		051C3918228D4F4D003D4BAF /* SecondViewController.m */ = {isa = PBXFileReference; fileEncoding = 4; lastKnownFileType = sourcecode.c.objc; path = SecondViewController.m; sourceTree = "<group>"; };
		051C3919228D4F4D003D4BAF /* FirstViewController.h */ = {isa = PBXFileReference; fileEncoding = 4; lastKnownFileType = sourcecode.c.h; path = FirstViewController.h; sourceTree = "<group>"; };
		051C391A228D4F4D003D4BAF /* FirstViewController.m */ = {isa = PBXFileReference; fileEncoding = 4; lastKnownFileType = sourcecode.c.objc; path = FirstViewController.m; sourceTree = "<group>"; };
		051C391B228D4F4D003D4BAF /* SecondViewController.h */ = {isa = PBXFileReference; fileEncoding = 4; lastKnownFileType = sourcecode.c.h; path = SecondViewController.h; sourceTree = "<group>"; };
		051C391E228D4F52003D4BAF /* UBTRouterManagerVCConfigure.plist */ = {isa = PBXFileReference; fileEncoding = 4; lastKnownFileType = text.plist.xml; path = UBTRouterManagerVCConfigure.plist; sourceTree = "<group>"; };
		051C395722968610003D4BAF /* UBTVCRouter.framework */ = {isa = PBXFileReference; lastKnownFileType = wrapper.framework; path = UBTVCRouter.framework; sourceTree = "<group>"; };
/* End PBXFileReference section */

/* Begin PBXFrameworksBuildPhase section */
		051C38DB228D4EFB003D4BAF /* Frameworks */ = {
			isa = PBXFrameworksBuildPhase;
			buildActionMask = 2147483647;
			files = (
				051C395822968610003D4BAF /* UBTVCRouter.framework in Frameworks */,
			);
			runOnlyForDeploymentPostprocessing = 0;
		};
		051C38F3228D4EFC003D4BAF /* Frameworks */ = {
			isa = PBXFrameworksBuildPhase;
			buildActionMask = 2147483647;
			files = (
			);
			runOnlyForDeploymentPostprocessing = 0;
		};
		051C38FE228D4EFC003D4BAF /* Frameworks */ = {
			isa = PBXFrameworksBuildPhase;
			buildActionMask = 2147483647;
			files = (
			);
			runOnlyForDeploymentPostprocessing = 0;
		};
/* End PBXFrameworksBuildPhase section */

/* Begin PBXGroup section */
		051C38D5228D4EFB003D4BAF = {
			isa = PBXGroup;
			children = (
				051C38E0228D4EFB003D4BAF /* UIRouterDemo */,
				051C38F9228D4EFC003D4BAF /* UIRouterDemoTests */,
				051C3904228D4EFC003D4BAF /* UIRouterDemoUITests */,
				051C38DF228D4EFB003D4BAF /* Products */,
			);
			sourceTree = "<group>";
		};
		051C38DF228D4EFB003D4BAF /* Products */ = {
			isa = PBXGroup;
			children = (
				051C38DE228D4EFB003D4BAF /* UIRouterDemo.app */,
				051C38F6228D4EFC003D4BAF /* UIRouterDemoTests.xctest */,
				051C3901228D4EFC003D4BAF /* UIRouterDemoUITests.xctest */,
			);
			name = Products;
			sourceTree = "<group>";
		};
		051C38E0228D4EFB003D4BAF /* UIRouterDemo */ = {
			isa = PBXGroup;
			children = (
				051C395722968610003D4BAF /* UBTVCRouter.framework */,
				051C38E1228D4EFB003D4BAF /* AppDelegate.h */,
				051C38E2228D4EFB003D4BAF /* AppDelegate.m */,
				051C38E4228D4EFB003D4BAF /* ViewController.h */,
				051C38E5228D4EFB003D4BAF /* ViewController.m */,
				051C38E7228D4EFB003D4BAF /* Main.storyboard */,
				051C3916228D4F17003D4BAF /* UBTModel.h */,
				051C3915228D4F17003D4BAF /* UBTModel.m */,
				051C3919228D4F4D003D4BAF /* FirstViewController.h */,
				051C391A228D4F4D003D4BAF /* FirstViewController.m */,
				051C391B228D4F4D003D4BAF /* SecondViewController.h */,
				051C3918228D4F4D003D4BAF /* SecondViewController.m */,
				051C391E228D4F52003D4BAF /* UBTRouterManagerVCConfigure.plist */,
				051C38EA228D4EFC003D4BAF /* Assets.xcassets */,
				051C38EC228D4EFC003D4BAF /* LaunchScreen.storyboard */,
				051C38EF228D4EFC003D4BAF /* Info.plist */,
				051C38F0228D4EFC003D4BAF /* main.m */,
			);
			path = UIRouterDemo;
			sourceTree = "<group>";
		};
		051C38F9228D4EFC003D4BAF /* UIRouterDemoTests */ = {
			isa = PBXGroup;
			children = (
				051C38FA228D4EFC003D4BAF /* UIRouterDemoTests.m */,
				051C38FC228D4EFC003D4BAF /* Info.plist */,
			);
			path = UIRouterDemoTests;
			sourceTree = "<group>";
		};
		051C3904228D4EFC003D4BAF /* UIRouterDemoUITests */ = {
			isa = PBXGroup;
			children = (
				051C3905228D4EFC003D4BAF /* UIRouterDemoUITests.m */,
				051C3907228D4EFC003D4BAF /* Info.plist */,
			);
			path = UIRouterDemoUITests;
			sourceTree = "<group>";
		};
/* End PBXGroup section */

/* Begin PBXNativeTarget section */
		051C38DD228D4EFB003D4BAF /* UIRouterDemo */ = {
			isa = PBXNativeTarget;
			buildConfigurationList = 051C390A228D4EFC003D4BAF /* Build configuration list for PBXNativeTarget "UIRouterDemo" */;
			buildPhases = (
				051C38DA228D4EFB003D4BAF /* Sources */,
				051C38DB228D4EFB003D4BAF /* Frameworks */,
				051C38DC228D4EFB003D4BAF /* Resources */,
			);
			buildRules = (
			);
			dependencies = (
			);
			name = UIRouterDemo;
			productName = UIRouterDemo;
			productReference = 051C38DE228D4EFB003D4BAF /* UIRouterDemo.app */;
			productType = "com.apple.product-type.application";
		};
		051C38F5228D4EFC003D4BAF /* UIRouterDemoTests */ = {
			isa = PBXNativeTarget;
			buildConfigurationList = 051C390D228D4EFC003D4BAF /* Build configuration list for PBXNativeTarget "UIRouterDemoTests" */;
			buildPhases = (
				051C38F2228D4EFC003D4BAF /* Sources */,
				051C38F3228D4EFC003D4BAF /* Frameworks */,
				051C38F4228D4EFC003D4BAF /* Resources */,
			);
			buildRules = (
			);
			dependencies = (
				051C38F8228D4EFC003D4BAF /* PBXTargetDependency */,
			);
			name = UIRouterDemoTests;
			productName = UIRouterDemoTests;
			productReference = 051C38F6228D4EFC003D4BAF /* UIRouterDemoTests.xctest */;
			productType = "com.apple.product-type.bundle.unit-test";
		};
		051C3900228D4EFC003D4BAF /* UIRouterDemoUITests */ = {
			isa = PBXNativeTarget;
			buildConfigurationList = 051C3910228D4EFC003D4BAF /* Build configuration list for PBXNativeTarget "UIRouterDemoUITests" */;
			buildPhases = (
				051C38FD228D4EFC003D4BAF /* Sources */,
				051C38FE228D4EFC003D4BAF /* Frameworks */,
				051C38FF228D4EFC003D4BAF /* Resources */,
			);
			buildRules = (
			);
			dependencies = (
				051C3903228D4EFC003D4BAF /* PBXTargetDependency */,
			);
			name = UIRouterDemoUITests;
			productName = UIRouterDemoUITests;
			productReference = 051C3901228D4EFC003D4BAF /* UIRouterDemoUITests.xctest */;
			productType = "com.apple.product-type.bundle.ui-testing";
		};
/* End PBXNativeTarget section */

/* Begin PBXProject section */
		051C38D6228D4EFB003D4BAF /* Project object */ = {
			isa = PBXProject;
			attributes = {
				LastUpgradeCheck = 1010;
				ORGANIZATIONNAME = zhazha;
				TargetAttributes = {
					051C38DD228D4EFB003D4BAF = {
						CreatedOnToolsVersion = 10.1;
					};
					051C38F5228D4EFC003D4BAF = {
						CreatedOnToolsVersion = 10.1;
						TestTargetID = 051C38DD228D4EFB003D4BAF;
					};
					051C3900228D4EFC003D4BAF = {
						CreatedOnToolsVersion = 10.1;
						TestTargetID = 051C38DD228D4EFB003D4BAF;
					};
				};
			};
			buildConfigurationList = 051C38D9228D4EFB003D4BAF /* Build configuration list for PBXProject "UIRouterDemo" */;
			compatibilityVersion = "Xcode 9.3";
			developmentRegion = en;
			hasScannedForEncodings = 0;
			knownRegions = (
				en,
				Base,
			);
			mainGroup = 051C38D5228D4EFB003D4BAF;
			productRefGroup = 051C38DF228D4EFB003D4BAF /* Products */;
			projectDirPath = "";
			projectRoot = "";
			targets = (
				051C38DD228D4EFB003D4BAF /* UIRouterDemo */,
				051C38F5228D4EFC003D4BAF /* UIRouterDemoTests */,
				051C3900228D4EFC003D4BAF /* UIRouterDemoUITests */,
			);
		};
/* End PBXProject section */

/* Begin PBXResourcesBuildPhase section */
		051C38DC228D4EFB003D4BAF /* Resources */ = {
			isa = PBXResourcesBuildPhase;
			buildActionMask = 2147483647;
			files = (
				051C38EE228D4EFC003D4BAF /* LaunchScreen.storyboard in Resources */,
				051C38EB228D4EFC003D4BAF /* Assets.xcassets in Resources */,
				051C38E9228D4EFB003D4BAF /* Main.storyboard in Resources */,
				051C391F228D4F52003D4BAF /* UBTRouterManagerVCConfigure.plist in Resources */,
			);
			runOnlyForDeploymentPostprocessing = 0;
		};
		051C38F4228D4EFC003D4BAF /* Resources */ = {
			isa = PBXResourcesBuildPhase;
			buildActionMask = 2147483647;
			files = (
			);
			runOnlyForDeploymentPostprocessing = 0;
		};
		051C38FF228D4EFC003D4BAF /* Resources */ = {
			isa = PBXResourcesBuildPhase;
			buildActionMask = 2147483647;
			files = (
			);
			runOnlyForDeploymentPostprocessing = 0;
		};
/* End PBXResourcesBuildPhase section */

/* Begin PBXSourcesBuildPhase section */
		051C38DA228D4EFB003D4BAF /* Sources */ = {
			isa = PBXSourcesBuildPhase;
			buildActionMask = 2147483647;
			files = (
				051C391C228D4F4D003D4BAF /* SecondViewController.m in Sources */,
				051C391D228D4F4D003D4BAF /* FirstViewController.m in Sources */,
				051C38E6228D4EFB003D4BAF /* ViewController.m in Sources */,
				051C3917228D4F17003D4BAF /* UBTModel.m in Sources */,
				051C38F1228D4EFC003D4BAF /* main.m in Sources */,
				051C38E3228D4EFB003D4BAF /* AppDelegate.m in Sources */,
			);
			runOnlyForDeploymentPostprocessing = 0;
		};
		051C38F2228D4EFC003D4BAF /* Sources */ = {
			isa = PBXSourcesBuildPhase;
			buildActionMask = 2147483647;
			files = (
				051C38FB228D4EFC003D4BAF /* UIRouterDemoTests.m in Sources */,
			);
			runOnlyForDeploymentPostprocessing = 0;
		};
		051C38FD228D4EFC003D4BAF /* Sources */ = {
			isa = PBXSourcesBuildPhase;
			buildActionMask = 2147483647;
			files = (
				051C3906228D4EFC003D4BAF /* UIRouterDemoUITests.m in Sources */,
			);
			runOnlyForDeploymentPostprocessing = 0;
		};
/* End PBXSourcesBuildPhase section */

/* Begin PBXTargetDependency section */
		051C38F8228D4EFC003D4BAF /* PBXTargetDependency */ = {
			isa = PBXTargetDependency;
			target = 051C38DD228D4EFB003D4BAF /* UIRouterDemo */;
			targetProxy = 051C38F7228D4EFC003D4BAF /* PBXContainerItemProxy */;
		};
		051C3903228D4EFC003D4BAF /* PBXTargetDependency */ = {
			isa = PBXTargetDependency;
			target = 051C38DD228D4EFB003D4BAF /* UIRouterDemo */;
			targetProxy = 051C3902228D4EFC003D4BAF /* PBXContainerItemProxy */;
		};
/* End PBXTargetDependency section */

/* Begin PBXVariantGroup section */
		051C38E7228D4EFB003D4BAF /* Main.storyboard */ = {
			isa = PBXVariantGroup;
			children = (
				051C38E8228D4EFB003D4BAF /* Base */,
			);
			name = Main.storyboard;
			sourceTree = "<group>";
		};
		051C38EC228D4EFC003D4BAF /* LaunchScreen.storyboard */ = {
			isa = PBXVariantGroup;
			children = (
				051C38ED228D4EFC003D4BAF /* Base */,
			);
			name = LaunchScreen.storyboard;
			sourceTree = "<group>";
		};
/* End PBXVariantGroup section */

/* Begin XCBuildConfiguration section */
		051C3908228D4EFC003D4BAF /* Debug */ = {
			isa = XCBuildConfiguration;
			buildSettings = {
				ALWAYS_SEARCH_USER_PATHS = NO;
				CLANG_ANALYZER_NONNULL = YES;
				CLANG_ANALYZER_NUMBER_OBJECT_CONVERSION = YES_AGGRESSIVE;
				CLANG_CXX_LANGUAGE_STANDARD = "gnu++14";
				CLANG_CXX_LIBRARY = "libc++";
				CLANG_ENABLE_MODULES = YES;
				CLANG_ENABLE_OBJC_ARC = YES;
				CLANG_ENABLE_OBJC_WEAK = YES;
				CLANG_WARN_BLOCK_CAPTURE_AUTORELEASING = YES;
				CLANG_WARN_BOOL_CONVERSION = YES;
				CLANG_WARN_COMMA = YES;
				CLANG_WARN_CONSTANT_CONVERSION = YES;
				CLANG_WARN_DEPRECATED_OBJC_IMPLEMENTATIONS = YES;
				CLANG_WARN_DIRECT_OBJC_ISA_USAGE = YES_ERROR;
				CLANG_WARN_DOCUMENTATION_COMMENTS = YES;
				CLANG_WARN_EMPTY_BODY = YES;
				CLANG_WARN_ENUM_CONVERSION = YES;
				CLANG_WARN_INFINITE_RECURSION = YES;
				CLANG_WARN_INT_CONVERSION = YES;
				CLANG_WARN_NON_LITERAL_NULL_CONVERSION = YES;
				CLANG_WARN_OBJC_IMPLICIT_RETAIN_SELF = YES;
				CLANG_WARN_OBJC_LITERAL_CONVERSION = YES;
				CLANG_WARN_OBJC_ROOT_CLASS = YES_ERROR;
				CLANG_WARN_RANGE_LOOP_ANALYSIS = YES;
				CLANG_WARN_STRICT_PROTOTYPES = YES;
				CLANG_WARN_SUSPICIOUS_MOVE = YES;
				CLANG_WARN_UNGUARDED_AVAILABILITY = YES_AGGRESSIVE;
				CLANG_WARN_UNREACHABLE_CODE = YES;
				CLANG_WARN__DUPLICATE_METHOD_MATCH = YES;
				CODE_SIGN_IDENTITY = "iPhone Developer";
				COPY_PHASE_STRIP = NO;
				DEBUG_INFORMATION_FORMAT = dwarf;
				ENABLE_STRICT_OBJC_MSGSEND = YES;
				ENABLE_TESTABILITY = YES;
				GCC_C_LANGUAGE_STANDARD = gnu11;
				GCC_DYNAMIC_NO_PIC = NO;
				GCC_NO_COMMON_BLOCKS = YES;
				GCC_OPTIMIZATION_LEVEL = 0;
				GCC_PREPROCESSOR_DEFINITIONS = (
					"DEBUG=1",
					"$(inherited)",
				);
				GCC_WARN_64_TO_32_BIT_CONVERSION = YES;
				GCC_WARN_ABOUT_RETURN_TYPE = YES_ERROR;
				GCC_WARN_UNDECLARED_SELECTOR = YES;
				GCC_WARN_UNINITIALIZED_AUTOS = YES_AGGRESSIVE;
				GCC_WARN_UNUSED_FUNCTION = YES;
				GCC_WARN_UNUSED_VARIABLE = YES;
				IPHONEOS_DEPLOYMENT_TARGET = 12.1;
				MTL_ENABLE_DEBUG_INFO = INCLUDE_SOURCE;
				MTL_FAST_MATH = YES;
				ONLY_ACTIVE_ARCH = YES;
				SDKROOT = iphoneos;
			};
			name = Debug;
		};
		051C3909228D4EFC003D4BAF /* Release */ = {
			isa = XCBuildConfiguration;
			buildSettings = {
				ALWAYS_SEARCH_USER_PATHS = NO;
				CLANG_ANALYZER_NONNULL = YES;
				CLANG_ANALYZER_NUMBER_OBJECT_CONVERSION = YES_AGGRESSIVE;
				CLANG_CXX_LANGUAGE_STANDARD = "gnu++14";
				CLANG_CXX_LIBRARY = "libc++";
				CLANG_ENABLE_MODULES = YES;
				CLANG_ENABLE_OBJC_ARC = YES;
				CLANG_ENABLE_OBJC_WEAK = YES;
				CLANG_WARN_BLOCK_CAPTURE_AUTORELEASING = YES;
				CLANG_WARN_BOOL_CONVERSION = YES;
				CLANG_WARN_COMMA = YES;
				CLANG_WARN_CONSTANT_CONVERSION = YES;
				CLANG_WARN_DEPRECATED_OBJC_IMPLEMENTATIONS = YES;
				CLANG_WARN_DIRECT_OBJC_ISA_USAGE = YES_ERROR;
				CLANG_WARN_DOCUMENTATION_COMMENTS = YES;
				CLANG_WARN_EMPTY_BODY = YES;
				CLANG_WARN_ENUM_CONVERSION = YES;
				CLANG_WARN_INFINITE_RECURSION = YES;
				CLANG_WARN_INT_CONVERSION = YES;
				CLANG_WARN_NON_LITERAL_NULL_CONVERSION = YES;
				CLANG_WARN_OBJC_IMPLICIT_RETAIN_SELF = YES;
				CLANG_WARN_OBJC_LITERAL_CONVERSION = YES;
				CLANG_WARN_OBJC_ROOT_CLASS = YES_ERROR;
				CLANG_WARN_RANGE_LOOP_ANALYSIS = YES;
				CLANG_WARN_STRICT_PROTOTYPES = YES;
				CLANG_WARN_SUSPICIOUS_MOVE = YES;
				CLANG_WARN_UNGUARDED_AVAILABILITY = YES_AGGRESSIVE;
				CLANG_WARN_UNREACHABLE_CODE = YES;
				CLANG_WARN__DUPLICATE_METHOD_MATCH = YES;
				CODE_SIGN_IDENTITY = "iPhone Developer";
				COPY_PHASE_STRIP = NO;
				DEBUG_INFORMATION_FORMAT = "dwarf-with-dsym";
				ENABLE_NS_ASSERTIONS = NO;
				ENABLE_STRICT_OBJC_MSGSEND = YES;
				GCC_C_LANGUAGE_STANDARD = gnu11;
				GCC_NO_COMMON_BLOCKS = YES;
				GCC_WARN_64_TO_32_BIT_CONVERSION = YES;
				GCC_WARN_ABOUT_RETURN_TYPE = YES_ERROR;
				GCC_WARN_UNDECLARED_SELECTOR = YES;
				GCC_WARN_UNINITIALIZED_AUTOS = YES_AGGRESSIVE;
				GCC_WARN_UNUSED_FUNCTION = YES;
				GCC_WARN_UNUSED_VARIABLE = YES;
				IPHONEOS_DEPLOYMENT_TARGET = 12.1;
				MTL_ENABLE_DEBUG_INFO = NO;
				MTL_FAST_MATH = YES;
				SDKROOT = iphoneos;
				VALIDATE_PRODUCT = YES;
			};
			name = Release;
		};
		051C390B228D4EFC003D4BAF /* Debug */ = {
			isa = XCBuildConfiguration;
			buildSettings = {
				ASSETCATALOG_COMPILER_APPICON_NAME = AppIcon;
				CODE_SIGN_STYLE = Automatic;
				FRAMEWORK_SEARCH_PATHS = (
					"$(inherited)",
					"$(PROJECT_DIR)/UIRouterDemo",
				);
				INFOPLIST_FILE = UIRouterDemo/Info.plist;
				LD_RUNPATH_SEARCH_PATHS = (
					"$(inherited)",
					"@executable_path/Frameworks",
				);
				OTHER_LDFLAGS = "-ObjC";
				PRODUCT_BUNDLE_IDENTIFIER = com.ubt.UIRouterDemo;
				PRODUCT_NAME = "$(TARGET_NAME)";
				TARGETED_DEVICE_FAMILY = "1,2";
			};
			name = Debug;
		};
		051C390C228D4EFC003D4BAF /* Release */ = {
			isa = XCBuildConfiguration;
			buildSettings = {
				ASSETCATALOG_COMPILER_APPICON_NAME = AppIcon;
				CODE_SIGN_STYLE = Automatic;
				FRAMEWORK_SEARCH_PATHS = (
					"$(inherited)",
					"$(PROJECT_DIR)/UIRouterDemo",
				);
				INFOPLIST_FILE = UIRouterDemo/Info.plist;
				LD_RUNPATH_SEARCH_PATHS = (
					"$(inherited)",
					"@executable_path/Frameworks",
				);
				OTHER_LDFLAGS = "-ObjC";
				PRODUCT_BUNDLE_IDENTIFIER = com.ubt.UIRouterDemo;
				PRODUCT_NAME = "$(TARGET_NAME)";
				TARGETED_DEVICE_FAMILY = "1,2";
			};
			name = Release;
		};
		051C390E228D4EFC003D4BAF /* Debug */ = {
			isa = XCBuildConfiguration;
			buildSettings = {
				BUNDLE_LOADER = "$(TEST_HOST)";
				CODE_SIGN_STYLE = Automatic;
				INFOPLIST_FILE = UIRouterDemoTests/Info.plist;
				LD_RUNPATH_SEARCH_PATHS = (
					"$(inherited)",
					"@executable_path/Frameworks",
					"@loader_path/Frameworks",
				);
				PRODUCT_BUNDLE_IDENTIFIER = com.ubt.UIRouterDemoTests;
				PRODUCT_NAME = "$(TARGET_NAME)";
				TARGETED_DEVICE_FAMILY = "1,2";
				TEST_HOST = "$(BUILT_PRODUCTS_DIR)/UIRouterDemo.app/UIRouterDemo";
			};
			name = Debug;
		};
		051C390F228D4EFC003D4BAF /* Release */ = {
			isa = XCBuildConfiguration;
			buildSettings = {
				BUNDLE_LOADER = "$(TEST_HOST)";
				CODE_SIGN_STYLE = Automatic;
				INFOPLIST_FILE = UIRouterDemoTests/Info.plist;
				LD_RUNPATH_SEARCH_PATHS = (
					"$(inherited)",
					"@executable_path/Frameworks",
					"@loader_path/Frameworks",
				);
				PRODUCT_BUNDLE_IDENTIFIER = com.ubt.UIRouterDemoTests;
				PRODUCT_NAME = "$(TARGET_NAME)";
				TARGETED_DEVICE_FAMILY = "1,2";
				TEST_HOST = "$(BUILT_PRODUCTS_DIR)/UIRouterDemo.app/UIRouterDemo";
			};
			name = Release;
		};
		051C3911228D4EFC003D4BAF /* Debug */ = {
			isa = XCBuildConfiguration;
			buildSettings = {
				CODE_SIGN_STYLE = Automatic;
				INFOPLIST_FILE = UIRouterDemoUITests/Info.plist;
				LD_RUNPATH_SEARCH_PATHS = (
					"$(inherited)",
					"@executable_path/Frameworks",
					"@loader_path/Frameworks",
				);
				PRODUCT_BUNDLE_IDENTIFIER = com.ubt.UIRouterDemoUITests;
				PRODUCT_NAME = "$(TARGET_NAME)";
				TARGETED_DEVICE_FAMILY = "1,2";
				TEST_TARGET_NAME = UIRouterDemo;
			};
			name = Debug;
		};
		051C3912228D4EFC003D4BAF /* Release */ = {
			isa = XCBuildConfiguration;
			buildSettings = {
				CODE_SIGN_STYLE = Automatic;
				INFOPLIST_FILE = UIRouterDemoUITests/Info.plist;
				LD_RUNPATH_SEARCH_PATHS = (
					"$(inherited)",
					"@executable_path/Frameworks",
					"@loader_path/Frameworks",
				);
				PRODUCT_BUNDLE_IDENTIFIER = com.ubt.UIRouterDemoUITests;
				PRODUCT_NAME = "$(TARGET_NAME)";
				TARGETED_DEVICE_FAMILY = "1,2";
				TEST_TARGET_NAME = UIRouterDemo;
			};
			name = Release;
		};
/* End XCBuildConfiguration section */

/* Begin XCConfigurationList section */
		051C38D9228D4EFB003D4BAF /* Build configuration list for PBXProject "UIRouterDemo" */ = {
			isa = XCConfigurationList;
			buildConfigurations = (
				051C3908228D4EFC003D4BAF /* Debug */,
				051C3909228D4EFC003D4BAF /* Release */,
			);
			defaultConfigurationIsVisible = 0;
			defaultConfigurationName = Release;
		};
		051C390A228D4EFC003D4BAF /* Build configuration list for PBXNativeTarget "UIRouterDemo" */ = {
			isa = XCConfigurationList;
			buildConfigurations = (
				051C390B228D4EFC003D4BAF /* Debug */,
				051C390C228D4EFC003D4BAF /* Release */,
			);
			defaultConfigurationIsVisible = 0;
			defaultConfigurationName = Release;
		};
		051C390D228D4EFC003D4BAF /* Build configuration list for PBXNativeTarget "UIRouterDemoTests" */ = {
			isa = XCConfigurationList;
			buildConfigurations = (
				051C390E228D4EFC003D4BAF /* Debug */,
				051C390F228D4EFC003D4BAF /* Release */,
			);
			defaultConfigurationIsVisible = 0;
			defaultConfigurationName = Release;
		};
		051C3910228D4EFC003D4BAF /* Build configuration list for PBXNativeTarget "UIRouterDemoUITests" */ = {
			isa = XCConfigurationList;
			buildConfigurations = (
				051C3911228D4EFC003D4BAF /* Debug */,
				051C3912228D4EFC003D4BAF /* Release */,
			);
			defaultConfigurationIsVisible = 0;
			defaultConfigurationName = Release;
		};
/* End XCConfigurationList section */
	};
	rootObject = 051C38D6228D4EFB003D4BAF /* Project object */;
}
